
Microsoft Visual Studio Solution File, Format Version 12.00
# Visual Studio 2013
VisualStudioVersion = 12.0.40629.0
MinimumVisualStudioVersion = 10.0.40219.1
Project("{2150E333-8FDC-42A3-9474-1A3956D46DE8}") = "BackEnd", "BackEnd", "{9F1E2E93-6196-4228-B77B-6DE802D14559}"
EndProject
Project("{2150E333-8FDC-42A3-9474-1A3956D46DE8}") = "FrontEnd", "FrontEnd", "{FAC6125E-D55D-4306-8698-AF91A9F10B70}"
EndProject
Project("{2150E333-8FDC-42A3-9474-1A3956D46DE8}") = "DTO", "DTO", "{598BCCFA-4C6B-4F76-8789-0BD2EA9E9FE2}"
EndProject
Project("{FAE04EC0-301F-11D3-BF4B-00C04F79EFBC}") = "DTO", "DTO\DTO.csproj", "{5FE8F52B-49BE-4D62-BB2E-5F92E5114983}"
EndProject
Project("{2150E333-8FDC-42A3-9474-1A3956D46DE8}") = "PROVIDER", "PROVIDER", "{5E9F42B9-3D3D-49BE-A27F-BE08F0E9CF43}"
EndProject
Project("{FAE04EC0-301F-11D3-BF4B-00C04F79EFBC}") = "Provider", "Provider\Provider.csproj", "{7434B385-0161-4488-BDA1-88C9983642A4}"
EndProject
Project("{2150E333-8FDC-42A3-9474-1A3956D46DE8}") = "ENTITY SQL", "ENTITY SQL", "{A400CD8D-9FD7-49FE-8F42-F4581F0AFB69}"
EndProject
Project("{FAE04EC0-301F-11D3-BF4B-00C04F79EFBC}") = "SQL", "SQL\SQL.csproj", "{B791BED8-535D-408B-A629-3E072A55742C}"
EndProject
Project("{2150E333-8FDC-42A3-9474-1A3956D46DE8}") = "TEST_SQL", "TEST_SQL", "{D61B4511-A3DC-483C-9228-217432EB0C42}"
EndProject
Project("{FAE04EC0-301F-11D3-BF4B-00C04F79EFBC}") = "Test", "Test\Test.csproj", "{6783F97D-5DBB-438A-B8FF-575F3483A75A}"
EndProject
Project("{2150E333-8FDC-42A3-9474-1A3956D46DE8}") = "BackEnd Service", "BackEnd Service", "{CFA522BB-4C9C-4D9D-8193-83B7B6C7BD42}"
EndProject
Project("{FAE04EC0-301F-11D3-BF4B-00C04F79EFBC}") = "Service", "Service\Service.csproj", "{8EE048C5-8C7D-4380-B0FA-3E7F37218323}"
EndProject
Project("{FAE04EC0-301F-11D3-BF4B-00C04F79EFBC}") = "sPago", "sPago\sPago.csproj", "{C1FD7201-506C-4893-88F6-2BFFFF3D7B45}"
EndProject
Global
	GlobalSection(SolutionConfigurationPlatforms) = preSolution
		Debug|Any CPU = Debug|Any CPU
		Release|Any CPU = Release|Any CPU
	EndGlobalSection
	GlobalSection(ProjectConfigurationPlatforms) = postSolution
		{5FE8F52B-49BE-4D62-BB2E-5F92E5114983}.Debug|Any CPU.ActiveCfg = Debug|Any CPU
		{5FE8F52B-49BE-4D62-BB2E-5F92E5114983}.Debug|Any CPU.Build.0 = Debug|Any CPU
		{5FE8F52B-49BE-4D62-BB2E-5F92E5114983}.Release|Any CPU.ActiveCfg = Release|Any CPU
		{5FE8F52B-49BE-4D62-BB2E-5F92E5114983}.Release|Any CPU.Build.0 = Release|Any CPU
		{7434B385-0161-4488-BDA1-88C9983642A4}.Debug|Any CPU.ActiveCfg = Debug|Any CPU
		{7434B385-0161-4488-BDA1-88C9983642A4}.Debug|Any CPU.Build.0 = Debug|Any CPU
		{7434B385-0161-4488-BDA1-88C9983642A4}.Release|Any CPU.ActiveCfg = Release|Any CPU
		{7434B385-0161-4488-BDA1-88C9983642A4}.Release|Any CPU.Build.0 = Release|Any CPU
		{B791BED8-535D-408B-A629-3E072A55742C}.Debug|Any CPU.ActiveCfg = Debug|Any CPU
		{B791BED8-535D-408B-A629-3E072A55742C}.Debug|Any CPU.Build.0 = Debug|Any CPU
		{B791BED8-535D-408B-A629-3E072A55742C}.Release|Any CPU.ActiveCfg = Release|Any CPU
		{B791BED8-535D-408B-A629-3E072A55742C}.Release|Any CPU.Build.0 = Release|Any CPU
		{6783F97D-5DBB-438A-B8FF-575F3483A75A}.Debug|Any CPU.ActiveCfg = Debug|Any CPU
		{6783F97D-5DBB-438A-B8FF-575F3483A75A}.Debug|Any CPU.Build.0 = Debug|Any CPU
		{6783F97D-5DBB-438A-B8FF-575F3483A75A}.Release|Any CPU.ActiveCfg = Release|Any CPU
		{6783F97D-5DBB-438A-B8FF-575F3483A75A}.Release|Any CPU.Build.0 = Release|Any CPU
		{8EE048C5-8C7D-4380-B0FA-3E7F37218323}.Debug|Any CPU.ActiveCfg = Debug|Any CPU
		{8EE048C5-8C7D-4380-B0FA-3E7F37218323}.Debug|Any CPU.Build.0 = Debug|Any CPU
		{8EE048C5-8C7D-4380-B0FA-3E7F37218323}.Release|Any CPU.ActiveCfg = Release|Any CPU
		{8EE048C5-8C7D-4380-B0FA-3E7F37218323}.Release|Any CPU.Build.0 = Release|Any CPU
		{C1FD7201-506C-4893-88F6-2BFFFF3D7B45}.Debug|Any CPU.ActiveCfg = Debug|Any CPU
		{C1FD7201-506C-4893-88F6-2BFFFF3D7B45}.Debug|Any CPU.Build.0 = Debug|Any CPU
		{C1FD7201-506C-4893-88F6-2BFFFF3D7B45}.Release|Any CPU.ActiveCfg = Release|Any CPU
		{C1FD7201-506C-4893-88F6-2BFFFF3D7B45}.Release|Any CPU.Build.0 = Release|Any CPU
	EndGlobalSection
	GlobalSection(SolutionProperties) = preSolution
		HideSolutionNode = FALSE
	EndGlobalSection
	GlobalSection(NestedProjects) = preSolution
		{598BCCFA-4C6B-4F76-8789-0BD2EA9E9FE2} = {9F1E2E93-6196-4228-B77B-6DE802D14559}
		{5FE8F52B-49BE-4D62-BB2E-5F92E5114983} = {598BCCFA-4C6B-4F76-8789-0BD2EA9E9FE2}
		{5E9F42B9-3D3D-49BE-A27F-BE08F0E9CF43} = {9F1E2E93-6196-4228-B77B-6DE802D14559}
		{7434B385-0161-4488-BDA1-88C9983642A4} = {5E9F42B9-3D3D-49BE-A27F-BE08F0E9CF43}
		{A400CD8D-9FD7-49FE-8F42-F4581F0AFB69} = {9F1E2E93-6196-4228-B77B-6DE802D14559}
		{B791BED8-535D-408B-A629-3E072A55742C} = {A400CD8D-9FD7-49FE-8F42-F4581F0AFB69}
		{D61B4511-A3DC-483C-9228-217432EB0C42} = {9F1E2E93-6196-4228-B77B-6DE802D14559}
		{6783F97D-5DBB-438A-B8FF-575F3483A75A} = {D61B4511-A3DC-483C-9228-217432EB0C42}
		{8EE048C5-8C7D-4380-B0FA-3E7F37218323} = {CFA522BB-4C9C-4D9D-8193-83B7B6C7BD42}
		{C1FD7201-506C-4893-88F6-2BFFFF3D7B45} = {FAC6125E-D55D-4306-8698-AF91A9F10B70}
	EndGlobalSection
EndGlobal
